
Microsoft Visual Studio Solution File, Format Version 12.00
# Visual Studio Version 16
VisualStudioVersion = 16.0.30011.22
MinimumVisualStudioVersion = 10.0.40219.1
Project("{FAE04EC0-301F-11D3-BF4B-00C04F79EFBC}") = "WcfServiceGismeteo", "WcfServiceGismeteo\WcfServiceGismeteo.csproj", "{562EC792-C97C-4BDE-B7AE-6B081E528238}"
EndProject
Project("{FAE04EC0-301F-11D3-BF4B-00C04F79EFBC}") = "WindowsServiceGismeteoHost", "WindowsServiceGismeteoHost\WindowsServiceGismeteoHost.csproj", "{570E737E-BA0A-4A3D-9772-BC41C78A56F7}"
EndProject
Project("{FAE04EC0-301F-11D3-BF4B-00C04F79EFBC}") = "DataConnector", "DataConnector\DataConnector.csproj", "{6B817306-D77D-4E7A-976E-C3798084398D}"
EndProject
Global
	GlobalSection(SolutionConfigurationPlatforms) = preSolution
		Debug|Any CPU = Debug|Any CPU
		Release|Any CPU = Release|Any CPU
	EndGlobalSection
	GlobalSection(ProjectConfigurationPlatforms) = postSolution
		{562EC792-C97C-4BDE-B7AE-6B081E528238}.Debug|Any CPU.ActiveCfg = Debug|Any CPU
		{562EC792-C97C-4BDE-B7AE-6B081E528238}.Debug|Any CPU.Build.0 = Debug|Any CPU
		{562EC792-C97C-4BDE-B7AE-6B081E528238}.Release|Any CPU.ActiveCfg = Release|Any CPU
		{562EC792-C97C-4BDE-B7AE-6B081E528238}.Release|Any CPU.Build.0 = Release|Any CPU
		{570E737E-BA0A-4A3D-9772-BC41C78A56F7}.Debug|Any CPU.ActiveCfg = Debug|Any CPU
		{570E737E-BA0A-4A3D-9772-BC41C78A56F7}.Debug|Any CPU.Build.0 = Debug|Any CPU
		{570E737E-BA0A-4A3D-9772-BC41C78A56F7}.Release|Any CPU.ActiveCfg = Release|Any CPU
		{570E737E-BA0A-4A3D-9772-BC41C78A56F7}.Release|Any CPU.Build.0 = Release|Any CPU
		{6B817306-D77D-4E7A-976E-C3798084398D}.Debug|Any CPU.ActiveCfg = Debug|Any CPU
		{6B817306-D77D-4E7A-976E-C3798084398D}.Debug|Any CPU.Build.0 = Debug|Any CPU
		{6B817306-D77D-4E7A-976E-C3798084398D}.Release|Any CPU.ActiveCfg = Release|Any CPU
		{6B817306-D77D-4E7A-976E-C3798084398D}.Release|Any CPU.Build.0 = Release|Any CPU
	EndGlobalSection
	GlobalSection(SolutionProperties) = preSolution
		HideSolutionNode = FALSE
	EndGlobalSection
	GlobalSection(ExtensibilityGlobals) = postSolution
		SolutionGuid = {8099127E-B2AB-4587-860E-9887C32A045A}
	EndGlobalSection
EndGlobal
